<?xml version="1.0" encoding="utf-8"?>
<Project ToolsVersion="4.0" xmlns="http://schemas.microsoft.com/developer/msbuild/2003">
  <ItemGroup>
    <Filter Include="ソース ファイル">
      <UniqueIdentifier>{4FC737F1-C7A5-4376-A066-2A32D752A2FF}</UniqueIdentifier>
      <Extensions>cpp;c;cc;cxx;def;odl;idl;hpj;bat;asm;asmx</Extensions>
    </Filter>
    <Filter Include="リソース ファイル">
      <UniqueIdentifier>{67DA6AB6-F800-4c08-8B7A-83BB121AAD01}</UniqueIdentifier>
      <Extensions>rc;ico;cur;bmp;dlg;rc2;rct;bin;rgs;gif;jpg;jpeg;jpe;resx;tiff;tif;png;wav;mfcribbon-ms</Extensions>
    </Filter>
    <Filter Include="ソース ファイル\array">
      <UniqueIdentifier>{18ac8ba7-a09b-4b37-a2e1-d1b72e5fa240}</UniqueIdentifier>
    </Filter>
    <Filter Include="ソース ファイル\Share">
      <UniqueIdentifier>{16614d05-8797-4890-9bdd-56f071cbc16c}</UniqueIdentifier>
    </Filter>
    <Filter Include="ソース ファイル\Simulator">
      <UniqueIdentifier>{93aaa582-c67e-4366-bb1c-08689621c3a7}</UniqueIdentifier>
    </Filter>
    <Filter Include="ソース ファイル\AI">
      <UniqueIdentifier>{319d5e6f-3cb4-4874-9c9c-16885243cee9}</UniqueIdentifier>
    </Filter>
    <Filter Include="ソース ファイル\Utility">
      <UniqueIdentifier>{33cb53d3-c499-4098-a4b1-fc7858a18460}</UniqueIdentifier>
    </Filter>
  </ItemGroup>
  <ItemGroup>
    <ClCompile Include="main.cpp">
      <Filter>ソース ファイル</Filter>
    </ClCompile>
    <ClCompile Include="Share.cpp">
      <Filter>ソース ファイル\Share</Filter>
    </ClCompile>
  </ItemGroup>
  <ItemGroup>
    <ClInclude Include="Grid.hpp">
      <Filter>ソース ファイル\array</Filter>
    </ClInclude>
    <ClInclude Include="CGrid.hpp">
      <Filter>ソース ファイル\array</Filter>
    </ClInclude>
    <ClInclude Include="Share.hpp">
      <Filter>ソース ファイル\Share</Filter>
    </ClInclude>
    <ClInclude Include="Simulator.hpp">
      <Filter>ソース ファイル\Simulator</Filter>
    </ClInclude>
    <ClInclude Include="AI.hpp">
      <Filter>ソース ファイル\AI</Filter>
    </ClInclude>
    <ClInclude Include="Pack.hpp">
      <Filter>ソース ファイル\Utility</Filter>
    </ClInclude>
    <ClInclude Include="Utility.hpp">
      <Filter>ソース ファイル\Utility</Filter>
    </ClInclude>
    <ClInclude Include="Input.hpp">
      <Filter>ソース ファイル\Utility</Filter>
    </ClInclude>
    <ClInclude Include="Evaluation.hpp">
      <Filter>ソース ファイル\AI</Filter>
    </ClInclude>
    <ClInclude Include="Timer.hpp">
      <Filter>ソース ファイル\Utility</Filter>
    </ClInclude>
    <ClInclude Include="Game.hpp">
      <Filter>ソース ファイル\Simulator</Filter>
    </ClInclude>
  </ItemGroup>
</Project>